
Microsoft Visual Studio Solution File, Format Version 12.00
# Visual Studio Version 16
VisualStudioVersion = 16.0.30223.230
MinimumVisualStudioVersion = 10.0.40219.1
Project("{FAE04EC0-301F-11D3-BF4B-00C04F79EFBC}") = "AdminProductos", "AdminProductos\AdminProductos.csproj", "{96CBB977-076C-41F9-A67F-61742A780D72}"
EndProject
Global
	GlobalSection(SolutionConfigurationPlatforms) = preSolution
		Debug|Any CPU = Debug|Any CPU
		Release|Any CPU = Release|Any CPU
	EndGlobalSection
	GlobalSection(ProjectConfigurationPlatforms) = postSolution
		{96CBB977-076C-41F9-A67F-61742A780D72}.Debug|Any CPU.ActiveCfg = Debug|Any CPU
		{96CBB977-076C-41F9-A67F-61742A780D72}.Debug|Any CPU.Build.0 = Debug|Any CPU
		{96CBB977-076C-41F9-A67F-61742A780D72}.Release|Any CPU.ActiveCfg = Release|Any CPU
		{96CBB977-076C-41F9-A67F-61742A780D72}.Release|Any CPU.Build.0 = Release|Any CPU
	EndGlobalSection
	GlobalSection(SolutionProperties) = preSolution
		HideSolutionNode = FALSE
	EndGlobalSection
	GlobalSection(ExtensibilityGlobals) = postSolution
		SolutionGuid = {1D617D48-23C2-47D9-BE3E-656ECD605D5B}
	EndGlobalSection
EndGlobal
